
Microsoft Visual Studio Solution File, Format Version 12.00
# Visual Studio Version 16
VisualStudioVersion = 16.0.31205.134
MinimumVisualStudioVersion = 10.0.40219.1
Project("{9A19103F-16F7-4668-BE54-9A1E7A4F7556}") = "OperationQuasarFire.Model", "OperationQuasarFire.Model\OperationQuasarFire.Model.csproj", "{2BF5F7A8-EC46-4771-9931-3D7EFE463E42}"
EndProject
Project("{9A19103F-16F7-4668-BE54-9A1E7A4F7556}") = "OperationQuasarFire.Business", "OperationQuasarFire.Business\OperationQuasarFire.Business.csproj", "{0FD8126F-5B91-4972-BF37-9CA01C011231}"
EndProject
Project("{9A19103F-16F7-4668-BE54-9A1E7A4F7556}") = "OperationQuasarFire.API", "OperationQuasarFire.API\OperationQuasarFire.API.csproj", "{3D3C5549-223A-4981-A607-999EF31EFFE3}"
EndProject
Project("{9A19103F-16F7-4668-BE54-9A1E7A4F7556}") = "OperationQuasarFire.BusinessTests", "OperationQuasarFire.BusinessTests\OperationQuasarFire.BusinessTests.csproj", "{5AF8E2C2-E864-4250-B75F-A1C3649999AE}"
EndProject
Project("{2150E333-8FDC-42A3-9474-1A3956D46DE8}") = "Documents", "Documents", "{1537E663-113D-49EF-9615-46E5C6B32305}"
	ProjectSection(SolutionItems) = preProject
		..\Manual de creación y ejecución aplicativo Operación fuego de Quasar.docx = ..\Manual de creación y ejecución aplicativo Operación fuego de Quasar.docx
	EndProjectSection
EndProject
Project("{2150E333-8FDC-42A3-9474-1A3956D46DE8}") = "PostmanCollection", "PostmanCollection", "{8492B548-F50D-46F1-BC93-22FD7423B4DE}"
	ProjectSection(SolutionItems) = preProject
		..\OperationQuasarFire.postman_collection.json = ..\OperationQuasarFire.postman_collection.json
	EndProjectSection
EndProject
Global
	GlobalSection(SolutionConfigurationPlatforms) = preSolution
		Debug|Any CPU = Debug|Any CPU
		Release|Any CPU = Release|Any CPU
	EndGlobalSection
	GlobalSection(ProjectConfigurationPlatforms) = postSolution
		{2BF5F7A8-EC46-4771-9931-3D7EFE463E42}.Debug|Any CPU.ActiveCfg = Debug|Any CPU
		{2BF5F7A8-EC46-4771-9931-3D7EFE463E42}.Debug|Any CPU.Build.0 = Debug|Any CPU
		{2BF5F7A8-EC46-4771-9931-3D7EFE463E42}.Release|Any CPU.ActiveCfg = Release|Any CPU
		{2BF5F7A8-EC46-4771-9931-3D7EFE463E42}.Release|Any CPU.Build.0 = Release|Any CPU
		{0FD8126F-5B91-4972-BF37-9CA01C011231}.Debug|Any CPU.ActiveCfg = Debug|Any CPU
		{0FD8126F-5B91-4972-BF37-9CA01C011231}.Debug|Any CPU.Build.0 = Debug|Any CPU
		{0FD8126F-5B91-4972-BF37-9CA01C011231}.Release|Any CPU.ActiveCfg = Release|Any CPU
		{0FD8126F-5B91-4972-BF37-9CA01C011231}.Release|Any CPU.Build.0 = Release|Any CPU
		{3D3C5549-223A-4981-A607-999EF31EFFE3}.Debug|Any CPU.ActiveCfg = Debug|Any CPU
		{3D3C5549-223A-4981-A607-999EF31EFFE3}.Debug|Any CPU.Build.0 = Debug|Any CPU
		{3D3C5549-223A-4981-A607-999EF31EFFE3}.Release|Any CPU.ActiveCfg = Release|Any CPU
		{3D3C5549-223A-4981-A607-999EF31EFFE3}.Release|Any CPU.Build.0 = Release|Any CPU
		{5AF8E2C2-E864-4250-B75F-A1C3649999AE}.Debug|Any CPU.ActiveCfg = Debug|Any CPU
		{5AF8E2C2-E864-4250-B75F-A1C3649999AE}.Debug|Any CPU.Build.0 = Debug|Any CPU
		{5AF8E2C2-E864-4250-B75F-A1C3649999AE}.Release|Any CPU.ActiveCfg = Release|Any CPU
		{5AF8E2C2-E864-4250-B75F-A1C3649999AE}.Release|Any CPU.Build.0 = Release|Any CPU
	EndGlobalSection
	GlobalSection(SolutionProperties) = preSolution
		HideSolutionNode = FALSE
	EndGlobalSection
	GlobalSection(NestedProjects) = preSolution
		{8492B548-F50D-46F1-BC93-22FD7423B4DE} = {1537E663-113D-49EF-9615-46E5C6B32305}
	EndGlobalSection
	GlobalSection(ExtensibilityGlobals) = postSolution
		SolutionGuid = {F2AF511A-BF12-4B21-96EA-3667A1E9B052}
	EndGlobalSection
EndGlobal
